
Microsoft Visual Studio Solution File, Format Version 12.00
# Visual Studio Version 17
VisualStudioVersion = 17.4.33110.190
MinimumVisualStudioVersion = 10.0.40219.1
Project("{FAE04EC0-301F-11D3-BF4B-00C04F79EFBC}") = "WepApi", "BackDomain\WepApi.csproj", "{C82913E7-7A5C-4372-8D2B-D491FB1FB371}"
EndProject
Project("{FAE04EC0-301F-11D3-BF4B-00C04F79EFBC}") = "Domain", "Domain\Domain.csproj", "{9CC5CCB4-3768-47F9-A70C-46BC4C291C12}"
EndProject
Global
	GlobalSection(SolutionConfigurationPlatforms) = preSolution
		Debug|Any CPU = Debug|Any CPU
		Release|Any CPU = Release|Any CPU
	EndGlobalSection
	GlobalSection(ProjectConfigurationPlatforms) = postSolution
		{C82913E7-7A5C-4372-8D2B-D491FB1FB371}.Debug|Any CPU.ActiveCfg = Debug|Any CPU
		{C82913E7-7A5C-4372-8D2B-D491FB1FB371}.Debug|Any CPU.Build.0 = Debug|Any CPU
		{C82913E7-7A5C-4372-8D2B-D491FB1FB371}.Release|Any CPU.ActiveCfg = Release|Any CPU
		{C82913E7-7A5C-4372-8D2B-D491FB1FB371}.Release|Any CPU.Build.0 = Release|Any CPU
		{9CC5CCB4-3768-47F9-A70C-46BC4C291C12}.Debug|Any CPU.ActiveCfg = Debug|Any CPU
		{9CC5CCB4-3768-47F9-A70C-46BC4C291C12}.Debug|Any CPU.Build.0 = Debug|Any CPU
		{9CC5CCB4-3768-47F9-A70C-46BC4C291C12}.Release|Any CPU.ActiveCfg = Release|Any CPU
		{9CC5CCB4-3768-47F9-A70C-46BC4C291C12}.Release|Any CPU.Build.0 = Release|Any CPU
	EndGlobalSection
	GlobalSection(SolutionProperties) = preSolution
		HideSolutionNode = FALSE
	EndGlobalSection
	GlobalSection(ExtensibilityGlobals) = postSolution
		SolutionGuid = {7B407B26-60CD-414C-8E2C-93CFA434F3C5}
	EndGlobalSection
EndGlobal
